
Microsoft Visual Studio Solution File, Format Version 12.00
# Visual Studio Version 17
VisualStudioVersion = 17.14.36603.0
MinimumVisualStudioVersion = 10.0.40219.1
Project("{FAE04EC0-301F-11D3-BF4B-00C04F79EFBC}") = "TemaASSE_UscoiuDorin", "TemaASSE_UscoiuDorin\TemaASSE_UscoiuDorin.csproj", "{581775E7-34D8-41DF-AF75-6A26575C47C2}"
EndProject
Project("{FAE04EC0-301F-11D3-BF4B-00C04F79EFBC}") = "Domain", "Domain\Domain.csproj", "{2EE399E1-B29C-4479-8A9F-56595733EE4A}"
EndProject
Project("{FAE04EC0-301F-11D3-BF4B-00C04F79EFBC}") = "Data", "Data\Data.csproj", "{91A0F9D1-475E-4C04-B656-1554FE504781}"
EndProject
Project("{FAE04EC0-301F-11D3-BF4B-00C04F79EFBC}") = "Service", "Service\Service.csproj", "{934106F7-EFC5-44B3-84E6-0B4F2471862D}"
EndProject
Project("{2150E333-8FDC-42A3-9474-1A3956D46DE8}") = "DataLayer", "DataLayer", "{02EA681E-C7D8-13C7-8484-4AC65E1B71E8}"
EndProject
Project("{2150E333-8FDC-42A3-9474-1A3956D46DE8}") = "DomainLayer", "DomainLayer", "{BA2282A9-A9EF-48C8-A545-F1E04CF1C90B}"
EndProject
Project("{2150E333-8FDC-42A3-9474-1A3956D46DE8}") = "UserInterface", "UserInterface", "{071C7368-4758-46C4-B415-CC31F729B116}"
EndProject
Project("{2150E333-8FDC-42A3-9474-1A3956D46DE8}") = "DomainModel", "DomainModel", "{9AB4F145-2744-49A2-9150-A254D8C79AB2}"
EndProject
Project("{FAE04EC0-301F-11D3-BF4B-00C04F79EFBC}") = "DomainTests", "DomainTests\DomainTests.csproj", "{D2188E2F-A799-4012-9458-EDAF9DB64123}"
EndProject
Project("{2150E333-8FDC-42A3-9474-1A3956D46DE8}") = "ServiceLayer", "ServiceLayer", "{01EC5EF0-0B42-47CA-AC39-40CB643CF68B}"
EndProject
Project("{FAE04EC0-301F-11D3-BF4B-00C04F79EFBC}") = "ServiceTests", "ServiceTests\ServiceTests.csproj", "{AEE3B7E4-E1BB-4000-9E56-571A75396B44}"
EndProject
Global
	GlobalSection(SolutionConfigurationPlatforms) = preSolution
		Debug|Any CPU = Debug|Any CPU
		Release|Any CPU = Release|Any CPU
	EndGlobalSection
	GlobalSection(ProjectConfigurationPlatforms) = postSolution
		{581775E7-34D8-41DF-AF75-6A26575C47C2}.Debug|Any CPU.ActiveCfg = Debug|Any CPU
		{581775E7-34D8-41DF-AF75-6A26575C47C2}.Debug|Any CPU.Build.0 = Debug|Any CPU
		{581775E7-34D8-41DF-AF75-6A26575C47C2}.Release|Any CPU.ActiveCfg = Release|Any CPU
		{581775E7-34D8-41DF-AF75-6A26575C47C2}.Release|Any CPU.Build.0 = Release|Any CPU
		{2EE399E1-B29C-4479-8A9F-56595733EE4A}.Debug|Any CPU.ActiveCfg = Debug|Any CPU
		{2EE399E1-B29C-4479-8A9F-56595733EE4A}.Debug|Any CPU.Build.0 = Debug|Any CPU
		{2EE399E1-B29C-4479-8A9F-56595733EE4A}.Release|Any CPU.ActiveCfg = Release|Any CPU
		{2EE399E1-B29C-4479-8A9F-56595733EE4A}.Release|Any CPU.Build.0 = Release|Any CPU
		{91A0F9D1-475E-4C04-B656-1554FE504781}.Debug|Any CPU.ActiveCfg = Debug|Any CPU
		{91A0F9D1-475E-4C04-B656-1554FE504781}.Debug|Any CPU.Build.0 = Debug|Any CPU
		{91A0F9D1-475E-4C04-B656-1554FE504781}.Release|Any CPU.ActiveCfg = Release|Any CPU
		{91A0F9D1-475E-4C04-B656-1554FE504781}.Release|Any CPU.Build.0 = Release|Any CPU
		{934106F7-EFC5-44B3-84E6-0B4F2471862D}.Debug|Any CPU.ActiveCfg = Debug|Any CPU
		{934106F7-EFC5-44B3-84E6-0B4F2471862D}.Debug|Any CPU.Build.0 = Debug|Any CPU
		{934106F7-EFC5-44B3-84E6-0B4F2471862D}.Release|Any CPU.ActiveCfg = Release|Any CPU
		{934106F7-EFC5-44B3-84E6-0B4F2471862D}.Release|Any CPU.Build.0 = Release|Any CPU
		{D2188E2F-A799-4012-9458-EDAF9DB64123}.Debug|Any CPU.ActiveCfg = Debug|Any CPU
		{D2188E2F-A799-4012-9458-EDAF9DB64123}.Debug|Any CPU.Build.0 = Debug|Any CPU
		{D2188E2F-A799-4012-9458-EDAF9DB64123}.Release|Any CPU.ActiveCfg = Release|Any CPU
		{D2188E2F-A799-4012-9458-EDAF9DB64123}.Release|Any CPU.Build.0 = Release|Any CPU
		{AEE3B7E4-E1BB-4000-9E56-571A75396B44}.Debug|Any CPU.ActiveCfg = Debug|Any CPU
		{AEE3B7E4-E1BB-4000-9E56-571A75396B44}.Debug|Any CPU.Build.0 = Debug|Any CPU
		{AEE3B7E4-E1BB-4000-9E56-571A75396B44}.Release|Any CPU.ActiveCfg = Release|Any CPU
		{AEE3B7E4-E1BB-4000-9E56-571A75396B44}.Release|Any CPU.Build.0 = Release|Any CPU
	EndGlobalSection
	GlobalSection(SolutionProperties) = preSolution
		HideSolutionNode = FALSE
	EndGlobalSection
	GlobalSection(NestedProjects) = preSolution
		{581775E7-34D8-41DF-AF75-6A26575C47C2} = {071C7368-4758-46C4-B415-CC31F729B116}
		{2EE399E1-B29C-4479-8A9F-56595733EE4A} = {9AB4F145-2744-49A2-9150-A254D8C79AB2}
		{91A0F9D1-475E-4C04-B656-1554FE504781} = {02EA681E-C7D8-13C7-8484-4AC65E1B71E8}
		{934106F7-EFC5-44B3-84E6-0B4F2471862D} = {01EC5EF0-0B42-47CA-AC39-40CB643CF68B}
		{9AB4F145-2744-49A2-9150-A254D8C79AB2} = {BA2282A9-A9EF-48C8-A545-F1E04CF1C90B}
		{D2188E2F-A799-4012-9458-EDAF9DB64123} = {9AB4F145-2744-49A2-9150-A254D8C79AB2}
		{01EC5EF0-0B42-47CA-AC39-40CB643CF68B} = {BA2282A9-A9EF-48C8-A545-F1E04CF1C90B}
		{AEE3B7E4-E1BB-4000-9E56-571A75396B44} = {01EC5EF0-0B42-47CA-AC39-40CB643CF68B}
	EndGlobalSection
	GlobalSection(ExtensibilityGlobals) = postSolution
		SolutionGuid = {82DC1C1B-9B16-45B8-89C4-36FD0CD5EDD6}
	EndGlobalSection
EndGlobal
